
Microsoft Visual Studio Solution File, Format Version 12.00
# Visual Studio Version 17
VisualStudioVersion = 17.14.36221.1
MinimumVisualStudioVersion = 10.0.40219.1
Project("{2150E333-8FDC-42A3-9474-1A3956D46DE8}") = "Solution Items", "Solution Items", "{02EA681E-C7D8-13C7-8484-4AC65E1B71E8}"
	ProjectSection(SolutionItems) = preProject
		.editorconfig = .editorconfig
		Directory.Build.props = Directory.Build.props
	EndProjectSection
EndProject
Project("{2150E333-8FDC-42A3-9474-1A3956D46DE8}") = "src", "src", "{124991FD-2C9E-4622-A74F-6326B01891B0}"
EndProject
Project("{2150E333-8FDC-42A3-9474-1A3956D46DE8}") = "API", "API", "{E352F6CE-DC27-4BA7-A387-94764B5E70AB}"
EndProject
Project("{2150E333-8FDC-42A3-9474-1A3956D46DE8}") = "Modules", "Modules", "{16241CF3-77F8-4CCE-AF49-9A9683E2D20A}"
EndProject
Project("{2150E333-8FDC-42A3-9474-1A3956D46DE8}") = "Events", "Events", "{A2ADD421-F59A-4D11-B000-4899C081E48F}"
EndProject
Project("{FAE04EC0-301F-11D3-BF4B-00C04F79EFBC}") = "Evently.Api", "src\API\Evently.Api\Evently.Api.csproj", "{06DA2C30-E135-491C-8502-3E305568B9C5}"
EndProject
Project("{E53339B2-1760-4266-BCC7-CA923CBCF16C}") = "docker-compose", "docker-compose.dcproj", "{81DDED9D-158B-E303-5F62-77A2896D2A5A}"
EndProject
Project("{FAE04EC0-301F-11D3-BF4B-00C04F79EFBC}") = "Evently.Modules.Events.Domain", "src\Modules\Events\Evently.Modules.Events.Domain\Evently.Modules.Events.Domain.csproj", "{749B0EE1-73F1-4261-BAF6-E7709328F6FA}"
EndProject
Project("{FAE04EC0-301F-11D3-BF4B-00C04F79EFBC}") = "Evently.Modules.Events.Application", "src\Modules\Events\Evently.Modules.Events.Application\Evently.Modules.Events.Application.csproj", "{834E56BC-2F38-47F7-A656-195EE504335C}"
EndProject
Project("{FAE04EC0-301F-11D3-BF4B-00C04F79EFBC}") = "Evently.Modules.Events.Infrastructure", "src\Modules\Events\Evently.Modules.Events.Infrastructure\Evently.Modules.Events.Infrastructure.csproj", "{FC28BFF6-2F16-4E09-BF9A-869AE7A4833F}"
EndProject
Project("{FAE04EC0-301F-11D3-BF4B-00C04F79EFBC}") = "Evently.Modules.Events.Presentation", "src\Modules\Events\Evently.Modules.Events.Presentation\Evently.Modules.Events.Presentation.csproj", "{462EDBDB-1D9C-4A7D-8525-C211A9C3CB11}"
EndProject
Project("{2150E333-8FDC-42A3-9474-1A3956D46DE8}") = "Common", "Common", "{602FC106-3F50-4DF9-A578-89389505E266}"
EndProject
Project("{FAE04EC0-301F-11D3-BF4B-00C04F79EFBC}") = "Evently.Common.Application", "src\Common\Evently.Common.Application\Evently.Common.Application.csproj", "{B2212308-4458-4C4C-8961-5967F934EFAC}"
EndProject
Project("{FAE04EC0-301F-11D3-BF4B-00C04F79EFBC}") = "Evently.Common.Domain", "src\Common\Evently.Common.Domain\Evently.Common.Domain.csproj", "{AE778D08-E84C-43E7-AB64-09D99C31CEA2}"
EndProject
Project("{FAE04EC0-301F-11D3-BF4B-00C04F79EFBC}") = "Evently.Common.Infrastructure", "src\Common\Evently.Common.Infrastructure\Evently.Common.Infrastructure.csproj", "{34A43129-1F9D-4E4E-AA39-7F3EDC9AD424}"
EndProject
Project("{FAE04EC0-301F-11D3-BF4B-00C04F79EFBC}") = "Evently.Common.Presentation", "src\Common\Evently.Common.Presentation\Evently.Common.Presentation.csproj", "{8A234629-832C-443A-98B3-C746E5F34AAA}"
EndProject
Project("{2150E333-8FDC-42A3-9474-1A3956D46DE8}") = "Users", "Users", "{642417AA-DA62-42CB-BDAB-BA46713F68EC}"
EndProject
Project("{FAE04EC0-301F-11D3-BF4B-00C04F79EFBC}") = "Evently.Modules.Users.Domain", "src\Modules\Users\Evently.Modules.Users.Domain\Evently.Modules.Users.Domain.csproj", "{19E16388-C904-430D-9F30-3772FFFCB055}"
EndProject
Project("{FAE04EC0-301F-11D3-BF4B-00C04F79EFBC}") = "Evently.Modules.Users.Application", "src\Modules\Users\Evently.Modules.Users.Application\Evently.Modules.Users.Application.csproj", "{16C3425B-A13D-44EE-BB80-9AA5875B2876}"
EndProject
Project("{FAE04EC0-301F-11D3-BF4B-00C04F79EFBC}") = "Evently.Modules.Users.Infrastructure", "src\Modules\Users\Evently.Modules.Users.Infrastructure\Evently.Modules.Users.Infrastructure.csproj", "{36529BCA-171D-48FE-BC9A-FC1F73BF870E}"
EndProject
Project("{FAE04EC0-301F-11D3-BF4B-00C04F79EFBC}") = "Evently.Modules.Users.Presentation", "src\Modules\Users\Evently.Modules.Users.Presentation\Evently.Modules.Users.Presentation.csproj", "{3E2ED42D-463F-4EB5-A611-8693D9535F52}"
EndProject
Global
	GlobalSection(SolutionConfigurationPlatforms) = preSolution
		Debug|Any CPU = Debug|Any CPU
		Release|Any CPU = Release|Any CPU
	EndGlobalSection
	GlobalSection(ProjectConfigurationPlatforms) = postSolution
		{06DA2C30-E135-491C-8502-3E305568B9C5}.Debug|Any CPU.ActiveCfg = Debug|Any CPU
		{06DA2C30-E135-491C-8502-3E305568B9C5}.Debug|Any CPU.Build.0 = Debug|Any CPU
		{06DA2C30-E135-491C-8502-3E305568B9C5}.Release|Any CPU.ActiveCfg = Release|Any CPU
		{06DA2C30-E135-491C-8502-3E305568B9C5}.Release|Any CPU.Build.0 = Release|Any CPU
		{81DDED9D-158B-E303-5F62-77A2896D2A5A}.Debug|Any CPU.ActiveCfg = Debug|Any CPU
		{81DDED9D-158B-E303-5F62-77A2896D2A5A}.Debug|Any CPU.Build.0 = Debug|Any CPU
		{81DDED9D-158B-E303-5F62-77A2896D2A5A}.Release|Any CPU.ActiveCfg = Release|Any CPU
		{81DDED9D-158B-E303-5F62-77A2896D2A5A}.Release|Any CPU.Build.0 = Release|Any CPU
		{749B0EE1-73F1-4261-BAF6-E7709328F6FA}.Debug|Any CPU.ActiveCfg = Debug|Any CPU
		{749B0EE1-73F1-4261-BAF6-E7709328F6FA}.Debug|Any CPU.Build.0 = Debug|Any CPU
		{749B0EE1-73F1-4261-BAF6-E7709328F6FA}.Release|Any CPU.ActiveCfg = Release|Any CPU
		{749B0EE1-73F1-4261-BAF6-E7709328F6FA}.Release|Any CPU.Build.0 = Release|Any CPU
		{834E56BC-2F38-47F7-A656-195EE504335C}.Debug|Any CPU.ActiveCfg = Debug|Any CPU
		{834E56BC-2F38-47F7-A656-195EE504335C}.Debug|Any CPU.Build.0 = Debug|Any CPU
		{834E56BC-2F38-47F7-A656-195EE504335C}.Release|Any CPU.ActiveCfg = Release|Any CPU
		{834E56BC-2F38-47F7-A656-195EE504335C}.Release|Any CPU.Build.0 = Release|Any CPU
		{FC28BFF6-2F16-4E09-BF9A-869AE7A4833F}.Debug|Any CPU.ActiveCfg = Debug|Any CPU
		{FC28BFF6-2F16-4E09-BF9A-869AE7A4833F}.Debug|Any CPU.Build.0 = Debug|Any CPU
		{FC28BFF6-2F16-4E09-BF9A-869AE7A4833F}.Release|Any CPU.ActiveCfg = Release|Any CPU
		{FC28BFF6-2F16-4E09-BF9A-869AE7A4833F}.Release|Any CPU.Build.0 = Release|Any CPU
		{462EDBDB-1D9C-4A7D-8525-C211A9C3CB11}.Debug|Any CPU.ActiveCfg = Debug|Any CPU
		{462EDBDB-1D9C-4A7D-8525-C211A9C3CB11}.Debug|Any CPU.Build.0 = Debug|Any CPU
		{462EDBDB-1D9C-4A7D-8525-C211A9C3CB11}.Release|Any CPU.ActiveCfg = Release|Any CPU
		{462EDBDB-1D9C-4A7D-8525-C211A9C3CB11}.Release|Any CPU.Build.0 = Release|Any CPU
		{B2212308-4458-4C4C-8961-5967F934EFAC}.Debug|Any CPU.ActiveCfg = Debug|Any CPU
		{B2212308-4458-4C4C-8961-5967F934EFAC}.Debug|Any CPU.Build.0 = Debug|Any CPU
		{B2212308-4458-4C4C-8961-5967F934EFAC}.Release|Any CPU.ActiveCfg = Release|Any CPU
		{B2212308-4458-4C4C-8961-5967F934EFAC}.Release|Any CPU.Build.0 = Release|Any CPU
		{AE778D08-E84C-43E7-AB64-09D99C31CEA2}.Debug|Any CPU.ActiveCfg = Debug|Any CPU
		{AE778D08-E84C-43E7-AB64-09D99C31CEA2}.Debug|Any CPU.Build.0 = Debug|Any CPU
		{AE778D08-E84C-43E7-AB64-09D99C31CEA2}.Release|Any CPU.ActiveCfg = Release|Any CPU
		{AE778D08-E84C-43E7-AB64-09D99C31CEA2}.Release|Any CPU.Build.0 = Release|Any CPU
		{34A43129-1F9D-4E4E-AA39-7F3EDC9AD424}.Debug|Any CPU.ActiveCfg = Debug|Any CPU
		{34A43129-1F9D-4E4E-AA39-7F3EDC9AD424}.Debug|Any CPU.Build.0 = Debug|Any CPU
		{34A43129-1F9D-4E4E-AA39-7F3EDC9AD424}.Release|Any CPU.ActiveCfg = Release|Any CPU
		{34A43129-1F9D-4E4E-AA39-7F3EDC9AD424}.Release|Any CPU.Build.0 = Release|Any CPU
		{8A234629-832C-443A-98B3-C746E5F34AAA}.Debug|Any CPU.ActiveCfg = Debug|Any CPU
		{8A234629-832C-443A-98B3-C746E5F34AAA}.Debug|Any CPU.Build.0 = Debug|Any CPU
		{8A234629-832C-443A-98B3-C746E5F34AAA}.Release|Any CPU.ActiveCfg = Release|Any CPU
		{8A234629-832C-443A-98B3-C746E5F34AAA}.Release|Any CPU.Build.0 = Release|Any CPU
		{19E16388-C904-430D-9F30-3772FFFCB055}.Debug|Any CPU.ActiveCfg = Debug|Any CPU
		{19E16388-C904-430D-9F30-3772FFFCB055}.Debug|Any CPU.Build.0 = Debug|Any CPU
		{19E16388-C904-430D-9F30-3772FFFCB055}.Release|Any CPU.ActiveCfg = Release|Any CPU
		{19E16388-C904-430D-9F30-3772FFFCB055}.Release|Any CPU.Build.0 = Release|Any CPU
		{16C3425B-A13D-44EE-BB80-9AA5875B2876}.Debug|Any CPU.ActiveCfg = Debug|Any CPU
		{16C3425B-A13D-44EE-BB80-9AA5875B2876}.Debug|Any CPU.Build.0 = Debug|Any CPU
		{16C3425B-A13D-44EE-BB80-9AA5875B2876}.Release|Any CPU.ActiveCfg = Release|Any CPU
		{16C3425B-A13D-44EE-BB80-9AA5875B2876}.Release|Any CPU.Build.0 = Release|Any CPU
		{36529BCA-171D-48FE-BC9A-FC1F73BF870E}.Debug|Any CPU.ActiveCfg = Debug|Any CPU
		{36529BCA-171D-48FE-BC9A-FC1F73BF870E}.Debug|Any CPU.Build.0 = Debug|Any CPU
		{36529BCA-171D-48FE-BC9A-FC1F73BF870E}.Release|Any CPU.ActiveCfg = Release|Any CPU
		{36529BCA-171D-48FE-BC9A-FC1F73BF870E}.Release|Any CPU.Build.0 = Release|Any CPU
		{3E2ED42D-463F-4EB5-A611-8693D9535F52}.Debug|Any CPU.ActiveCfg = Debug|Any CPU
		{3E2ED42D-463F-4EB5-A611-8693D9535F52}.Debug|Any CPU.Build.0 = Debug|Any CPU
		{3E2ED42D-463F-4EB5-A611-8693D9535F52}.Release|Any CPU.ActiveCfg = Release|Any CPU
		{3E2ED42D-463F-4EB5-A611-8693D9535F52}.Release|Any CPU.Build.0 = Release|Any CPU
	EndGlobalSection
	GlobalSection(SolutionProperties) = preSolution
		HideSolutionNode = FALSE
	EndGlobalSection
	GlobalSection(NestedProjects) = preSolution
		{E352F6CE-DC27-4BA7-A387-94764B5E70AB} = {124991FD-2C9E-4622-A74F-6326B01891B0}
		{16241CF3-77F8-4CCE-AF49-9A9683E2D20A} = {124991FD-2C9E-4622-A74F-6326B01891B0}
		{A2ADD421-F59A-4D11-B000-4899C081E48F} = {16241CF3-77F8-4CCE-AF49-9A9683E2D20A}
		{06DA2C30-E135-491C-8502-3E305568B9C5} = {E352F6CE-DC27-4BA7-A387-94764B5E70AB}
		{749B0EE1-73F1-4261-BAF6-E7709328F6FA} = {A2ADD421-F59A-4D11-B000-4899C081E48F}
		{834E56BC-2F38-47F7-A656-195EE504335C} = {A2ADD421-F59A-4D11-B000-4899C081E48F}
		{FC28BFF6-2F16-4E09-BF9A-869AE7A4833F} = {A2ADD421-F59A-4D11-B000-4899C081E48F}
		{462EDBDB-1D9C-4A7D-8525-C211A9C3CB11} = {A2ADD421-F59A-4D11-B000-4899C081E48F}
		{602FC106-3F50-4DF9-A578-89389505E266} = {124991FD-2C9E-4622-A74F-6326B01891B0}
		{B2212308-4458-4C4C-8961-5967F934EFAC} = {602FC106-3F50-4DF9-A578-89389505E266}
		{AE778D08-E84C-43E7-AB64-09D99C31CEA2} = {602FC106-3F50-4DF9-A578-89389505E266}
		{34A43129-1F9D-4E4E-AA39-7F3EDC9AD424} = {602FC106-3F50-4DF9-A578-89389505E266}
		{8A234629-832C-443A-98B3-C746E5F34AAA} = {602FC106-3F50-4DF9-A578-89389505E266}
		{642417AA-DA62-42CB-BDAB-BA46713F68EC} = {16241CF3-77F8-4CCE-AF49-9A9683E2D20A}
		{19E16388-C904-430D-9F30-3772FFFCB055} = {642417AA-DA62-42CB-BDAB-BA46713F68EC}
		{16C3425B-A13D-44EE-BB80-9AA5875B2876} = {642417AA-DA62-42CB-BDAB-BA46713F68EC}
		{36529BCA-171D-48FE-BC9A-FC1F73BF870E} = {642417AA-DA62-42CB-BDAB-BA46713F68EC}
		{3E2ED42D-463F-4EB5-A611-8693D9535F52} = {642417AA-DA62-42CB-BDAB-BA46713F68EC}
	EndGlobalSection
	GlobalSection(ExtensibilityGlobals) = postSolution
		SolutionGuid = {E794D98A-88DE-41DF-ADC0-9E4F23594DFF}
	EndGlobalSection
EndGlobal
