
Microsoft Visual Studio Solution File, Format Version 12.00
# Visual Studio Version 17
VisualStudioVersion = 17.14.36221.1
MinimumVisualStudioVersion = 10.0.40219.1
Project("{2150E333-8FDC-42A3-9474-1A3956D46DE8}") = "Solution Items", "Solution Items", "{02EA681E-C7D8-13C7-8484-4AC65E1B71E8}"
	ProjectSection(SolutionItems) = preProject
		.editorconfig = .editorconfig
		Directory.Build.props = Directory.Build.props
	EndProjectSection
EndProject
Project("{2150E333-8FDC-42A3-9474-1A3956D46DE8}") = "src", "src", "{124991FD-2C9E-4622-A74F-6326B01891B0}"
EndProject
Project("{2150E333-8FDC-42A3-9474-1A3956D46DE8}") = "API", "API", "{E352F6CE-DC27-4BA7-A387-94764B5E70AB}"
EndProject
Project("{2150E333-8FDC-42A3-9474-1A3956D46DE8}") = "Modules", "Modules", "{16241CF3-77F8-4CCE-AF49-9A9683E2D20A}"
EndProject
Project("{2150E333-8FDC-42A3-9474-1A3956D46DE8}") = "Events", "Events", "{A2ADD421-F59A-4D11-B000-4899C081E48F}"
EndProject
Project("{FAE04EC0-301F-11D3-BF4B-00C04F79EFBC}") = "Evently.Api", "src\API\Evently.Api\Evently.Api.csproj", "{06DA2C30-E135-491C-8502-3E305568B9C5}"
EndProject
Project("{E53339B2-1760-4266-BCC7-CA923CBCF16C}") = "docker-compose", "docker-compose.dcproj", "{81DDED9D-158B-E303-5F62-77A2896D2A5A}"
EndProject
Project("{FAE04EC0-301F-11D3-BF4B-00C04F79EFBC}") = "Evently.Modules.Events.Domain", "src\Modules\Events\Evently.Modules.Events.Domain\Evently.Modules.Events.Domain.csproj", "{749B0EE1-73F1-4261-BAF6-E7709328F6FA}"
EndProject
Project("{FAE04EC0-301F-11D3-BF4B-00C04F79EFBC}") = "Evently.Modules.Events.Application", "src\Modules\Events\Evently.Modules.Events.Application\Evently.Modules.Events.Application.csproj", "{834E56BC-2F38-47F7-A656-195EE504335C}"
EndProject
Project("{FAE04EC0-301F-11D3-BF4B-00C04F79EFBC}") = "Evently.Modules.Events.Infrastructure", "src\Modules\Events\Evently.Modules.Events.Infrastructure\Evently.Modules.Events.Infrastructure.csproj", "{FC28BFF6-2F16-4E09-BF9A-869AE7A4833F}"
EndProject
Project("{FAE04EC0-301F-11D3-BF4B-00C04F79EFBC}") = "Evently.Modules.Events.Presentation", "src\Modules\Events\Evently.Modules.Events.Presentation\Evently.Modules.Events.Presentation.csproj", "{462EDBDB-1D9C-4A7D-8525-C211A9C3CB11}"
EndProject
Project("{2150E333-8FDC-42A3-9474-1A3956D46DE8}") = "Common", "Common", "{602FC106-3F50-4DF9-A578-89389505E266}"
EndProject
Project("{FAE04EC0-301F-11D3-BF4B-00C04F79EFBC}") = "Evently.Common.Application", "src\Common\Evently.Common.Application\Evently.Common.Application.csproj", "{B2212308-4458-4C4C-8961-5967F934EFAC}"
EndProject
Project("{FAE04EC0-301F-11D3-BF4B-00C04F79EFBC}") = "Evently.Common.Domain", "src\Common\Evently.Common.Domain\Evently.Common.Domain.csproj", "{AE778D08-E84C-43E7-AB64-09D99C31CEA2}"
EndProject
Project("{FAE04EC0-301F-11D3-BF4B-00C04F79EFBC}") = "Evently.Common.Infrastructure", "src\Common\Evently.Common.Infrastructure\Evently.Common.Infrastructure.csproj", "{34A43129-1F9D-4E4E-AA39-7F3EDC9AD424}"
EndProject
Project("{FAE04EC0-301F-11D3-BF4B-00C04F79EFBC}") = "Evently.Common.Presentation", "src\Common\Evently.Common.Presentation\Evently.Common.Presentation.csproj", "{8A234629-832C-443A-98B3-C746E5F34AAA}"
EndProject
Project("{2150E333-8FDC-42A3-9474-1A3956D46DE8}") = "Users", "Users", "{642417AA-DA62-42CB-BDAB-BA46713F68EC}"
EndProject
Project("{FAE04EC0-301F-11D3-BF4B-00C04F79EFBC}") = "Evently.Modules.Users.Domain", "src\Modules\Users\Evently.Modules.Users.Domain\Evently.Modules.Users.Domain.csproj", "{19E16388-C904-430D-9F30-3772FFFCB055}"
EndProject
Project("{FAE04EC0-301F-11D3-BF4B-00C04F79EFBC}") = "Evently.Modules.Users.Application", "src\Modules\Users\Evently.Modules.Users.Application\Evently.Modules.Users.Application.csproj", "{16C3425B-A13D-44EE-BB80-9AA5875B2876}"
EndProject
Project("{FAE04EC0-301F-11D3-BF4B-00C04F79EFBC}") = "Evently.Modules.Users.Infrastructure", "src\Modules\Users\Evently.Modules.Users.Infrastructure\Evently.Modules.Users.Infrastructure.csproj", "{36529BCA-171D-48FE-BC9A-FC1F73BF870E}"
EndProject
Project("{FAE04EC0-301F-11D3-BF4B-00C04F79EFBC}") = "Evently.Modules.Users.Presentation", "src\Modules\Users\Evently.Modules.Users.Presentation\Evently.Modules.Users.Presentation.csproj", "{3E2ED42D-463F-4EB5-A611-8693D9535F52}"
EndProject
Project("{2150E333-8FDC-42A3-9474-1A3956D46DE8}") = "Ticketing", "Ticketing", "{D7AFB864-93E0-47E4-9889-E46528879C17}"
EndProject
Project("{FAE04EC0-301F-11D3-BF4B-00C04F79EFBC}") = "Evently.Modules.Ticketing.Domain", "src\Modules\Ticketing\Evently.Modules.Ticketing.Domain\Evently.Modules.Ticketing.Domain.csproj", "{91234A13-3250-406A-9135-AC126EE74591}"
EndProject
Project("{FAE04EC0-301F-11D3-BF4B-00C04F79EFBC}") = "Evently.Modules.Ticketing.Application", "src\Modules\Ticketing\Evently.Modules.Ticketing.Application\Evently.Modules.Ticketing.Application.csproj", "{9DE23023-5E05-442B-891B-25FB7058D456}"
EndProject
Project("{FAE04EC0-301F-11D3-BF4B-00C04F79EFBC}") = "Evently.Modules.Ticketing.Presentation", "src\Modules\Ticketing\Evently.Modules.Ticketing.Presentation\Evently.Modules.Ticketing.Presentation.csproj", "{5EB1691E-F593-4077-9713-80E3F687AC33}"
EndProject
Project("{FAE04EC0-301F-11D3-BF4B-00C04F79EFBC}") = "Evently.Modules.Ticketing.Infrastructure", "src\Modules\Ticketing\Evently.Modules.Ticketing.Infrastructure\Evently.Modules.Ticketing.Infrastructure.csproj", "{F4F8D842-3C3B-4770-87B0-B3F3576D17A2}"
EndProject
Project("{FAE04EC0-301F-11D3-BF4B-00C04F79EFBC}") = "Evently.Modules.Users.IntegrationEvents", "src\Modules\Users\Evently.Modules.Users.IntegrationEvents\Evently.Modules.Users.IntegrationEvents.csproj", "{578B964F-54D0-46EB-9034-AF5A45399C56}"
EndProject
Project("{2150E333-8FDC-42A3-9474-1A3956D46DE8}") = "Attendance", "Attendance", "{65BE2F17-6B2F-4A50-8A6D-BBC9F513AA83}"
EndProject
Project("{FAE04EC0-301F-11D3-BF4B-00C04F79EFBC}") = "Evently.Modules.Attendance.Domain", "src\Modules\Attendance\Evently.Modules.Attendance.Domain\Evently.Modules.Attendance.Domain.csproj", "{90F40607-9141-4766-A288-93236A38B358}"
EndProject
Project("{FAE04EC0-301F-11D3-BF4B-00C04F79EFBC}") = "Evently.Modules.Attendance.Application", "src\Modules\Attendance\Evently.Modules.Attendance.Application\Evently.Modules.Attendance.Application.csproj", "{02A8A9AE-0524-4E53-A002-24BA8722F661}"
EndProject
Project("{FAE04EC0-301F-11D3-BF4B-00C04F79EFBC}") = "Evently.Modules.Attendance.Infrastructure", "src\Modules\Attendance\Evently.Modules.Attendance.Infrastructure\Evently.Modules.Attendance.Infrastructure.csproj", "{1E859395-33C9-4C36-98D5-D897180050E5}"
EndProject
Project("{FAE04EC0-301F-11D3-BF4B-00C04F79EFBC}") = "Evently.Modules.Attendance.Presentation", "src\Modules\Attendance\Evently.Modules.Attendance.Presentation\Evently.Modules.Attendance.Presentation.csproj", "{4620CCE7-F1A6-41D3-AE00-DF70B9EAFE34}"
EndProject
Project("{FAE04EC0-301F-11D3-BF4B-00C04F79EFBC}") = "Evently.Modules.Attendance.IntegrationEvents", "src\Modules\Attendance\Evently.Modules.Attendance.IntegrationEvents\Evently.Modules.Attendance.IntegrationEvents.csproj", "{5830249F-60D3-41C7-A81E-3A69552EEF3B}"
EndProject
Project("{2150E333-8FDC-42A3-9474-1A3956D46DE8}") = "tests", "tests", "{C7E7A77F-8F4C-437A-9B58-0C1B3868D35F}"
EndProject
Project("{FAE04EC0-301F-11D3-BF4B-00C04F79EFBC}") = "Evently.ArchitectureTests", "tests\Evently.ArchitectureTests\Evently.ArchitectureTests.csproj", "{AFCEE7FB-A478-44F2-97FB-6410CD94A207}"
EndProject
Project("{2150E333-8FDC-42A3-9474-1A3956D46DE8}") = "tests", "tests", "{54DB46E2-A70C-4044-A0DC-BC75C4E36CB0}"
EndProject
Project("{FAE04EC0-301F-11D3-BF4B-00C04F79EFBC}") = "Evently.Modules.Users.ArchitectureTests", "src\Modules\Users\tests\Evently.Modules.Users.ArchitectureTests\Evently.Modules.Users.ArchitectureTests.csproj", "{D1FE55D2-A972-4A1B-9D0E-F88DF5D8B38C}"
EndProject
Project("{FAE04EC0-301F-11D3-BF4B-00C04F79EFBC}") = "Evently.Modules.Events.IntegrationEvents", "src\Modules\Events\Events.Modules.Events.IntegrationEvents\Evently.Modules.Events.IntegrationEvents.csproj", "{99F226D2-44AD-49E3-96CC-60D866446571}"
EndProject
Project("{2150E333-8FDC-42A3-9474-1A3956D46DE8}") = "tests", "tests", "{84E241DC-9CB2-4732-A5E3-8D34AC241B71}"
EndProject
Project("{FAE04EC0-301F-11D3-BF4B-00C04F79EFBC}") = "Events.Modules.Events.ArchitectureTests", "src\Modules\Events\tests\Events.Modules.Events.ArchitectureTests\Events.Modules.Events.ArchitectureTests.csproj", "{DF416647-A928-4ABD-8644-CC47EF4EC96F}"
EndProject
Project("{2150E333-8FDC-42A3-9474-1A3956D46DE8}") = "tests", "tests", "{039EA37B-D41E-44F8-8361-F95D8FD04825}"
EndProject
Project("{FAE04EC0-301F-11D3-BF4B-00C04F79EFBC}") = "Evently.Modules.Attendance.ArchitectureTests", "src\Modules\Attendance\tests\Evently.Modules.Attendance.ArchitectureTests\Evently.Modules.Attendance.ArchitectureTests.csproj", "{411E7300-9ABF-4816-AB6B-1916226165E4}"
EndProject
Project("{2150E333-8FDC-42A3-9474-1A3956D46DE8}") = "tests", "tests", "{97C02CC6-5B51-4217-9BCA-057095BAB05C}"
EndProject
Project("{FAE04EC0-301F-11D3-BF4B-00C04F79EFBC}") = "Evently.Modules.Ticketing.ArchitectureTests", "src\Modules\Ticketing\tests\Evently.Modules.Ticketing.ArchitectureTests\Evently.Modules.Ticketing.ArchitectureTests.csproj", "{B7031E14-F01D-451A-8A56-1F72194D08F5}"
EndProject
Project("{FAE04EC0-301F-11D3-BF4B-00C04F79EFBC}") = "Evently.Modules.Ticketing.IntegrationEvents", "src\Modules\Ticketing\Evently.Modules.Ticketing.IntegrationEvents\Evently.Modules.Ticketing.IntegrationEvents.csproj", "{82CCBBC7-C77B-48DE-8C00-595FE74C98D4}"
EndProject
Global
	GlobalSection(SolutionConfigurationPlatforms) = preSolution
		Debug|Any CPU = Debug|Any CPU
		Release|Any CPU = Release|Any CPU
	EndGlobalSection
	GlobalSection(ProjectConfigurationPlatforms) = postSolution
		{06DA2C30-E135-491C-8502-3E305568B9C5}.Debug|Any CPU.ActiveCfg = Debug|Any CPU
		{06DA2C30-E135-491C-8502-3E305568B9C5}.Debug|Any CPU.Build.0 = Debug|Any CPU
		{06DA2C30-E135-491C-8502-3E305568B9C5}.Release|Any CPU.ActiveCfg = Release|Any CPU
		{06DA2C30-E135-491C-8502-3E305568B9C5}.Release|Any CPU.Build.0 = Release|Any CPU
		{81DDED9D-158B-E303-5F62-77A2896D2A5A}.Debug|Any CPU.ActiveCfg = Debug|Any CPU
		{81DDED9D-158B-E303-5F62-77A2896D2A5A}.Debug|Any CPU.Build.0 = Debug|Any CPU
		{81DDED9D-158B-E303-5F62-77A2896D2A5A}.Release|Any CPU.ActiveCfg = Release|Any CPU
		{81DDED9D-158B-E303-5F62-77A2896D2A5A}.Release|Any CPU.Build.0 = Release|Any CPU
		{749B0EE1-73F1-4261-BAF6-E7709328F6FA}.Debug|Any CPU.ActiveCfg = Debug|Any CPU
		{749B0EE1-73F1-4261-BAF6-E7709328F6FA}.Debug|Any CPU.Build.0 = Debug|Any CPU
		{749B0EE1-73F1-4261-BAF6-E7709328F6FA}.Release|Any CPU.ActiveCfg = Release|Any CPU
		{749B0EE1-73F1-4261-BAF6-E7709328F6FA}.Release|Any CPU.Build.0 = Release|Any CPU
		{834E56BC-2F38-47F7-A656-195EE504335C}.Debug|Any CPU.ActiveCfg = Debug|Any CPU
		{834E56BC-2F38-47F7-A656-195EE504335C}.Debug|Any CPU.Build.0 = Debug|Any CPU
		{834E56BC-2F38-47F7-A656-195EE504335C}.Release|Any CPU.ActiveCfg = Release|Any CPU
		{834E56BC-2F38-47F7-A656-195EE504335C}.Release|Any CPU.Build.0 = Release|Any CPU
		{FC28BFF6-2F16-4E09-BF9A-869AE7A4833F}.Debug|Any CPU.ActiveCfg = Debug|Any CPU
		{FC28BFF6-2F16-4E09-BF9A-869AE7A4833F}.Debug|Any CPU.Build.0 = Debug|Any CPU
		{FC28BFF6-2F16-4E09-BF9A-869AE7A4833F}.Release|Any CPU.ActiveCfg = Release|Any CPU
		{FC28BFF6-2F16-4E09-BF9A-869AE7A4833F}.Release|Any CPU.Build.0 = Release|Any CPU
		{462EDBDB-1D9C-4A7D-8525-C211A9C3CB11}.Debug|Any CPU.ActiveCfg = Debug|Any CPU
		{462EDBDB-1D9C-4A7D-8525-C211A9C3CB11}.Debug|Any CPU.Build.0 = Debug|Any CPU
		{462EDBDB-1D9C-4A7D-8525-C211A9C3CB11}.Release|Any CPU.ActiveCfg = Release|Any CPU
		{462EDBDB-1D9C-4A7D-8525-C211A9C3CB11}.Release|Any CPU.Build.0 = Release|Any CPU
		{B2212308-4458-4C4C-8961-5967F934EFAC}.Debug|Any CPU.ActiveCfg = Debug|Any CPU
		{B2212308-4458-4C4C-8961-5967F934EFAC}.Debug|Any CPU.Build.0 = Debug|Any CPU
		{B2212308-4458-4C4C-8961-5967F934EFAC}.Release|Any CPU.ActiveCfg = Release|Any CPU
		{B2212308-4458-4C4C-8961-5967F934EFAC}.Release|Any CPU.Build.0 = Release|Any CPU
		{AE778D08-E84C-43E7-AB64-09D99C31CEA2}.Debug|Any CPU.ActiveCfg = Debug|Any CPU
		{AE778D08-E84C-43E7-AB64-09D99C31CEA2}.Debug|Any CPU.Build.0 = Debug|Any CPU
		{AE778D08-E84C-43E7-AB64-09D99C31CEA2}.Release|Any CPU.ActiveCfg = Release|Any CPU
		{AE778D08-E84C-43E7-AB64-09D99C31CEA2}.Release|Any CPU.Build.0 = Release|Any CPU
		{34A43129-1F9D-4E4E-AA39-7F3EDC9AD424}.Debug|Any CPU.ActiveCfg = Debug|Any CPU
		{34A43129-1F9D-4E4E-AA39-7F3EDC9AD424}.Debug|Any CPU.Build.0 = Debug|Any CPU
		{34A43129-1F9D-4E4E-AA39-7F3EDC9AD424}.Release|Any CPU.ActiveCfg = Release|Any CPU
		{34A43129-1F9D-4E4E-AA39-7F3EDC9AD424}.Release|Any CPU.Build.0 = Release|Any CPU
		{8A234629-832C-443A-98B3-C746E5F34AAA}.Debug|Any CPU.ActiveCfg = Debug|Any CPU
		{8A234629-832C-443A-98B3-C746E5F34AAA}.Debug|Any CPU.Build.0 = Debug|Any CPU
		{8A234629-832C-443A-98B3-C746E5F34AAA}.Release|Any CPU.ActiveCfg = Release|Any CPU
		{8A234629-832C-443A-98B3-C746E5F34AAA}.Release|Any CPU.Build.0 = Release|Any CPU
		{19E16388-C904-430D-9F30-3772FFFCB055}.Debug|Any CPU.ActiveCfg = Debug|Any CPU
		{19E16388-C904-430D-9F30-3772FFFCB055}.Debug|Any CPU.Build.0 = Debug|Any CPU
		{19E16388-C904-430D-9F30-3772FFFCB055}.Release|Any CPU.ActiveCfg = Release|Any CPU
		{19E16388-C904-430D-9F30-3772FFFCB055}.Release|Any CPU.Build.0 = Release|Any CPU
		{16C3425B-A13D-44EE-BB80-9AA5875B2876}.Debug|Any CPU.ActiveCfg = Debug|Any CPU
		{16C3425B-A13D-44EE-BB80-9AA5875B2876}.Debug|Any CPU.Build.0 = Debug|Any CPU
		{16C3425B-A13D-44EE-BB80-9AA5875B2876}.Release|Any CPU.ActiveCfg = Release|Any CPU
		{16C3425B-A13D-44EE-BB80-9AA5875B2876}.Release|Any CPU.Build.0 = Release|Any CPU
		{36529BCA-171D-48FE-BC9A-FC1F73BF870E}.Debug|Any CPU.ActiveCfg = Debug|Any CPU
		{36529BCA-171D-48FE-BC9A-FC1F73BF870E}.Debug|Any CPU.Build.0 = Debug|Any CPU
		{36529BCA-171D-48FE-BC9A-FC1F73BF870E}.Release|Any CPU.ActiveCfg = Release|Any CPU
		{36529BCA-171D-48FE-BC9A-FC1F73BF870E}.Release|Any CPU.Build.0 = Release|Any CPU
		{3E2ED42D-463F-4EB5-A611-8693D9535F52}.Debug|Any CPU.ActiveCfg = Debug|Any CPU
		{3E2ED42D-463F-4EB5-A611-8693D9535F52}.Debug|Any CPU.Build.0 = Debug|Any CPU
		{3E2ED42D-463F-4EB5-A611-8693D9535F52}.Release|Any CPU.ActiveCfg = Release|Any CPU
		{3E2ED42D-463F-4EB5-A611-8693D9535F52}.Release|Any CPU.Build.0 = Release|Any CPU
		{91234A13-3250-406A-9135-AC126EE74591}.Debug|Any CPU.ActiveCfg = Debug|Any CPU
		{91234A13-3250-406A-9135-AC126EE74591}.Debug|Any CPU.Build.0 = Debug|Any CPU
		{91234A13-3250-406A-9135-AC126EE74591}.Release|Any CPU.ActiveCfg = Release|Any CPU
		{91234A13-3250-406A-9135-AC126EE74591}.Release|Any CPU.Build.0 = Release|Any CPU
		{9DE23023-5E05-442B-891B-25FB7058D456}.Debug|Any CPU.ActiveCfg = Debug|Any CPU
		{9DE23023-5E05-442B-891B-25FB7058D456}.Debug|Any CPU.Build.0 = Debug|Any CPU
		{9DE23023-5E05-442B-891B-25FB7058D456}.Release|Any CPU.ActiveCfg = Release|Any CPU
		{9DE23023-5E05-442B-891B-25FB7058D456}.Release|Any CPU.Build.0 = Release|Any CPU
		{5EB1691E-F593-4077-9713-80E3F687AC33}.Debug|Any CPU.ActiveCfg = Debug|Any CPU
		{5EB1691E-F593-4077-9713-80E3F687AC33}.Debug|Any CPU.Build.0 = Debug|Any CPU
		{5EB1691E-F593-4077-9713-80E3F687AC33}.Release|Any CPU.ActiveCfg = Release|Any CPU
		{5EB1691E-F593-4077-9713-80E3F687AC33}.Release|Any CPU.Build.0 = Release|Any CPU
		{F4F8D842-3C3B-4770-87B0-B3F3576D17A2}.Debug|Any CPU.ActiveCfg = Debug|Any CPU
		{F4F8D842-3C3B-4770-87B0-B3F3576D17A2}.Debug|Any CPU.Build.0 = Debug|Any CPU
		{F4F8D842-3C3B-4770-87B0-B3F3576D17A2}.Release|Any CPU.ActiveCfg = Release|Any CPU
		{F4F8D842-3C3B-4770-87B0-B3F3576D17A2}.Release|Any CPU.Build.0 = Release|Any CPU
		{578B964F-54D0-46EB-9034-AF5A45399C56}.Debug|Any CPU.ActiveCfg = Debug|Any CPU
		{578B964F-54D0-46EB-9034-AF5A45399C56}.Debug|Any CPU.Build.0 = Debug|Any CPU
		{578B964F-54D0-46EB-9034-AF5A45399C56}.Release|Any CPU.ActiveCfg = Release|Any CPU
		{578B964F-54D0-46EB-9034-AF5A45399C56}.Release|Any CPU.Build.0 = Release|Any CPU
		{90F40607-9141-4766-A288-93236A38B358}.Debug|Any CPU.ActiveCfg = Debug|Any CPU
		{90F40607-9141-4766-A288-93236A38B358}.Debug|Any CPU.Build.0 = Debug|Any CPU
		{90F40607-9141-4766-A288-93236A38B358}.Release|Any CPU.ActiveCfg = Release|Any CPU
		{90F40607-9141-4766-A288-93236A38B358}.Release|Any CPU.Build.0 = Release|Any CPU
		{02A8A9AE-0524-4E53-A002-24BA8722F661}.Debug|Any CPU.ActiveCfg = Debug|Any CPU
		{02A8A9AE-0524-4E53-A002-24BA8722F661}.Debug|Any CPU.Build.0 = Debug|Any CPU
		{02A8A9AE-0524-4E53-A002-24BA8722F661}.Release|Any CPU.ActiveCfg = Release|Any CPU
		{02A8A9AE-0524-4E53-A002-24BA8722F661}.Release|Any CPU.Build.0 = Release|Any CPU
		{1E859395-33C9-4C36-98D5-D897180050E5}.Debug|Any CPU.ActiveCfg = Debug|Any CPU
		{1E859395-33C9-4C36-98D5-D897180050E5}.Debug|Any CPU.Build.0 = Debug|Any CPU
		{1E859395-33C9-4C36-98D5-D897180050E5}.Release|Any CPU.ActiveCfg = Release|Any CPU
		{1E859395-33C9-4C36-98D5-D897180050E5}.Release|Any CPU.Build.0 = Release|Any CPU
		{4620CCE7-F1A6-41D3-AE00-DF70B9EAFE34}.Debug|Any CPU.ActiveCfg = Debug|Any CPU
		{4620CCE7-F1A6-41D3-AE00-DF70B9EAFE34}.Debug|Any CPU.Build.0 = Debug|Any CPU
		{4620CCE7-F1A6-41D3-AE00-DF70B9EAFE34}.Release|Any CPU.ActiveCfg = Release|Any CPU
		{4620CCE7-F1A6-41D3-AE00-DF70B9EAFE34}.Release|Any CPU.Build.0 = Release|Any CPU
		{5830249F-60D3-41C7-A81E-3A69552EEF3B}.Debug|Any CPU.ActiveCfg = Debug|Any CPU
		{5830249F-60D3-41C7-A81E-3A69552EEF3B}.Debug|Any CPU.Build.0 = Debug|Any CPU
		{5830249F-60D3-41C7-A81E-3A69552EEF3B}.Release|Any CPU.ActiveCfg = Release|Any CPU
		{5830249F-60D3-41C7-A81E-3A69552EEF3B}.Release|Any CPU.Build.0 = Release|Any CPU
		{AFCEE7FB-A478-44F2-97FB-6410CD94A207}.Debug|Any CPU.ActiveCfg = Debug|Any CPU
		{AFCEE7FB-A478-44F2-97FB-6410CD94A207}.Debug|Any CPU.Build.0 = Debug|Any CPU
		{AFCEE7FB-A478-44F2-97FB-6410CD94A207}.Release|Any CPU.ActiveCfg = Release|Any CPU
		{AFCEE7FB-A478-44F2-97FB-6410CD94A207}.Release|Any CPU.Build.0 = Release|Any CPU
		{D1FE55D2-A972-4A1B-9D0E-F88DF5D8B38C}.Debug|Any CPU.ActiveCfg = Debug|Any CPU
		{D1FE55D2-A972-4A1B-9D0E-F88DF5D8B38C}.Debug|Any CPU.Build.0 = Debug|Any CPU
		{D1FE55D2-A972-4A1B-9D0E-F88DF5D8B38C}.Release|Any CPU.ActiveCfg = Release|Any CPU
		{D1FE55D2-A972-4A1B-9D0E-F88DF5D8B38C}.Release|Any CPU.Build.0 = Release|Any CPU
		{99F226D2-44AD-49E3-96CC-60D866446571}.Debug|Any CPU.ActiveCfg = Debug|Any CPU
		{99F226D2-44AD-49E3-96CC-60D866446571}.Debug|Any CPU.Build.0 = Debug|Any CPU
		{99F226D2-44AD-49E3-96CC-60D866446571}.Release|Any CPU.ActiveCfg = Release|Any CPU
		{99F226D2-44AD-49E3-96CC-60D866446571}.Release|Any CPU.Build.0 = Release|Any CPU
		{DF416647-A928-4ABD-8644-CC47EF4EC96F}.Debug|Any CPU.ActiveCfg = Debug|Any CPU
		{DF416647-A928-4ABD-8644-CC47EF4EC96F}.Debug|Any CPU.Build.0 = Debug|Any CPU
		{DF416647-A928-4ABD-8644-CC47EF4EC96F}.Release|Any CPU.ActiveCfg = Release|Any CPU
		{DF416647-A928-4ABD-8644-CC47EF4EC96F}.Release|Any CPU.Build.0 = Release|Any CPU
		{411E7300-9ABF-4816-AB6B-1916226165E4}.Debug|Any CPU.ActiveCfg = Debug|Any CPU
		{411E7300-9ABF-4816-AB6B-1916226165E4}.Debug|Any CPU.Build.0 = Debug|Any CPU
		{411E7300-9ABF-4816-AB6B-1916226165E4}.Release|Any CPU.ActiveCfg = Release|Any CPU
		{411E7300-9ABF-4816-AB6B-1916226165E4}.Release|Any CPU.Build.0 = Release|Any CPU
		{B7031E14-F01D-451A-8A56-1F72194D08F5}.Debug|Any CPU.ActiveCfg = Debug|Any CPU
		{B7031E14-F01D-451A-8A56-1F72194D08F5}.Debug|Any CPU.Build.0 = Debug|Any CPU
		{B7031E14-F01D-451A-8A56-1F72194D08F5}.Release|Any CPU.ActiveCfg = Release|Any CPU
		{B7031E14-F01D-451A-8A56-1F72194D08F5}.Release|Any CPU.Build.0 = Release|Any CPU
		{82CCBBC7-C77B-48DE-8C00-595FE74C98D4}.Debug|Any CPU.ActiveCfg = Debug|Any CPU
		{82CCBBC7-C77B-48DE-8C00-595FE74C98D4}.Debug|Any CPU.Build.0 = Debug|Any CPU
		{82CCBBC7-C77B-48DE-8C00-595FE74C98D4}.Release|Any CPU.ActiveCfg = Release|Any CPU
		{82CCBBC7-C77B-48DE-8C00-595FE74C98D4}.Release|Any CPU.Build.0 = Release|Any CPU
	EndGlobalSection
	GlobalSection(SolutionProperties) = preSolution
		HideSolutionNode = FALSE
	EndGlobalSection
	GlobalSection(NestedProjects) = preSolution
		{E352F6CE-DC27-4BA7-A387-94764B5E70AB} = {124991FD-2C9E-4622-A74F-6326B01891B0}
		{16241CF3-77F8-4CCE-AF49-9A9683E2D20A} = {124991FD-2C9E-4622-A74F-6326B01891B0}
		{A2ADD421-F59A-4D11-B000-4899C081E48F} = {16241CF3-77F8-4CCE-AF49-9A9683E2D20A}
		{06DA2C30-E135-491C-8502-3E305568B9C5} = {E352F6CE-DC27-4BA7-A387-94764B5E70AB}
		{749B0EE1-73F1-4261-BAF6-E7709328F6FA} = {A2ADD421-F59A-4D11-B000-4899C081E48F}
		{834E56BC-2F38-47F7-A656-195EE504335C} = {A2ADD421-F59A-4D11-B000-4899C081E48F}
		{FC28BFF6-2F16-4E09-BF9A-869AE7A4833F} = {A2ADD421-F59A-4D11-B000-4899C081E48F}
		{462EDBDB-1D9C-4A7D-8525-C211A9C3CB11} = {A2ADD421-F59A-4D11-B000-4899C081E48F}
		{602FC106-3F50-4DF9-A578-89389505E266} = {124991FD-2C9E-4622-A74F-6326B01891B0}
		{B2212308-4458-4C4C-8961-5967F934EFAC} = {602FC106-3F50-4DF9-A578-89389505E266}
		{AE778D08-E84C-43E7-AB64-09D99C31CEA2} = {602FC106-3F50-4DF9-A578-89389505E266}
		{34A43129-1F9D-4E4E-AA39-7F3EDC9AD424} = {602FC106-3F50-4DF9-A578-89389505E266}
		{8A234629-832C-443A-98B3-C746E5F34AAA} = {602FC106-3F50-4DF9-A578-89389505E266}
		{642417AA-DA62-42CB-BDAB-BA46713F68EC} = {16241CF3-77F8-4CCE-AF49-9A9683E2D20A}
		{19E16388-C904-430D-9F30-3772FFFCB055} = {642417AA-DA62-42CB-BDAB-BA46713F68EC}
		{16C3425B-A13D-44EE-BB80-9AA5875B2876} = {642417AA-DA62-42CB-BDAB-BA46713F68EC}
		{36529BCA-171D-48FE-BC9A-FC1F73BF870E} = {642417AA-DA62-42CB-BDAB-BA46713F68EC}
		{3E2ED42D-463F-4EB5-A611-8693D9535F52} = {642417AA-DA62-42CB-BDAB-BA46713F68EC}
		{D7AFB864-93E0-47E4-9889-E46528879C17} = {16241CF3-77F8-4CCE-AF49-9A9683E2D20A}
		{91234A13-3250-406A-9135-AC126EE74591} = {D7AFB864-93E0-47E4-9889-E46528879C17}
		{9DE23023-5E05-442B-891B-25FB7058D456} = {D7AFB864-93E0-47E4-9889-E46528879C17}
		{5EB1691E-F593-4077-9713-80E3F687AC33} = {D7AFB864-93E0-47E4-9889-E46528879C17}
		{F4F8D842-3C3B-4770-87B0-B3F3576D17A2} = {D7AFB864-93E0-47E4-9889-E46528879C17}
		{578B964F-54D0-46EB-9034-AF5A45399C56} = {642417AA-DA62-42CB-BDAB-BA46713F68EC}
		{65BE2F17-6B2F-4A50-8A6D-BBC9F513AA83} = {16241CF3-77F8-4CCE-AF49-9A9683E2D20A}
		{90F40607-9141-4766-A288-93236A38B358} = {65BE2F17-6B2F-4A50-8A6D-BBC9F513AA83}
		{02A8A9AE-0524-4E53-A002-24BA8722F661} = {65BE2F17-6B2F-4A50-8A6D-BBC9F513AA83}
		{1E859395-33C9-4C36-98D5-D897180050E5} = {65BE2F17-6B2F-4A50-8A6D-BBC9F513AA83}
		{4620CCE7-F1A6-41D3-AE00-DF70B9EAFE34} = {65BE2F17-6B2F-4A50-8A6D-BBC9F513AA83}
		{5830249F-60D3-41C7-A81E-3A69552EEF3B} = {65BE2F17-6B2F-4A50-8A6D-BBC9F513AA83}
		{AFCEE7FB-A478-44F2-97FB-6410CD94A207} = {C7E7A77F-8F4C-437A-9B58-0C1B3868D35F}
		{54DB46E2-A70C-4044-A0DC-BC75C4E36CB0} = {642417AA-DA62-42CB-BDAB-BA46713F68EC}
		{D1FE55D2-A972-4A1B-9D0E-F88DF5D8B38C} = {54DB46E2-A70C-4044-A0DC-BC75C4E36CB0}
		{99F226D2-44AD-49E3-96CC-60D866446571} = {A2ADD421-F59A-4D11-B000-4899C081E48F}
		{84E241DC-9CB2-4732-A5E3-8D34AC241B71} = {A2ADD421-F59A-4D11-B000-4899C081E48F}
		{DF416647-A928-4ABD-8644-CC47EF4EC96F} = {84E241DC-9CB2-4732-A5E3-8D34AC241B71}
		{039EA37B-D41E-44F8-8361-F95D8FD04825} = {65BE2F17-6B2F-4A50-8A6D-BBC9F513AA83}
		{411E7300-9ABF-4816-AB6B-1916226165E4} = {039EA37B-D41E-44F8-8361-F95D8FD04825}
		{97C02CC6-5B51-4217-9BCA-057095BAB05C} = {D7AFB864-93E0-47E4-9889-E46528879C17}
		{B7031E14-F01D-451A-8A56-1F72194D08F5} = {97C02CC6-5B51-4217-9BCA-057095BAB05C}
		{82CCBBC7-C77B-48DE-8C00-595FE74C98D4} = {D7AFB864-93E0-47E4-9889-E46528879C17}
	EndGlobalSection
	GlobalSection(ExtensibilityGlobals) = postSolution
		SolutionGuid = {E794D98A-88DE-41DF-ADC0-9E4F23594DFF}
	EndGlobalSection
EndGlobal
